
Microsoft Visual Studio Solution File, Format Version 12.00
# Visual Studio Version 16
VisualStudioVersion = 16.0.29721.120
MinimumVisualStudioVersion = 10.0.40219.1
Project("{FAE04EC0-301F-11D3-BF4B-00C04F79EFBC}") = "MyVet.Common", "MyVet.Common\MyVet.Common.csproj", "{CAD48F88-57F6-45F4-B42D-76778510858B}"
EndProject
Project("{FAE04EC0-301F-11D3-BF4B-00C04F79EFBC}") = "MyVet.Web", "MyVet.Web\MyVet.Web.csproj", "{A47E376F-9A1B-4AA1-BD57-31C52DBE8C8B}"
EndProject
Global
	GlobalSection(SolutionConfigurationPlatforms) = preSolution
		Debug|Any CPU = Debug|Any CPU
		Release|Any CPU = Release|Any CPU
	EndGlobalSection
	GlobalSection(ProjectConfigurationPlatforms) = postSolution
		{CAD48F88-57F6-45F4-B42D-76778510858B}.Debug|Any CPU.ActiveCfg = Debug|Any CPU
		{CAD48F88-57F6-45F4-B42D-76778510858B}.Debug|Any CPU.Build.0 = Debug|Any CPU
		{CAD48F88-57F6-45F4-B42D-76778510858B}.Release|Any CPU.ActiveCfg = Release|Any CPU
		{CAD48F88-57F6-45F4-B42D-76778510858B}.Release|Any CPU.Build.0 = Release|Any CPU
		{A47E376F-9A1B-4AA1-BD57-31C52DBE8C8B}.Debug|Any CPU.ActiveCfg = Debug|Any CPU
		{A47E376F-9A1B-4AA1-BD57-31C52DBE8C8B}.Debug|Any CPU.Build.0 = Debug|Any CPU
		{A47E376F-9A1B-4AA1-BD57-31C52DBE8C8B}.Release|Any CPU.ActiveCfg = Release|Any CPU
		{A47E376F-9A1B-4AA1-BD57-31C52DBE8C8B}.Release|Any CPU.Build.0 = Release|Any CPU
	EndGlobalSection
	GlobalSection(SolutionProperties) = preSolution
		HideSolutionNode = FALSE
	EndGlobalSection
	GlobalSection(ExtensibilityGlobals) = postSolution
		SolutionGuid = {4AA0F519-4167-4131-BA6B-53DA2E5693A0}
	EndGlobalSection
EndGlobal
